// !$*UTF8*$!
{
	archiveVersion = 1;
	classes = {
	};
	objectVersion = 46;
	objects = {

/* Begin PBXBuildFile section */
		C69443911EBF124700878B99 /* AppDelegate.swift in Sources */ = {isa = PBXBuildFile; fileRef = C69443901EBF124700878B99 /* AppDelegate.swift */; };
		C69443931EBF124700878B99 /* ViewController.swift in Sources */ = {isa = PBXBuildFile; fileRef = C69443921EBF124700878B99 /* ViewController.swift */; };
		C69443961EBF124700878B99 /* Main.storyboard in Resources */ = {isa = PBXBuildFile; fileRef = C69443941EBF124700878B99 /* Main.storyboard */; };
		C69443981EBF124700878B99 /* Assets.xcassets in Resources */ = {isa = PBXBuildFile; fileRef = C69443971EBF124700878B99 /* Assets.xcassets */; };
		C694439B1EBF124700878B99 /* LaunchScreen.storyboard in Resources */ = {isa = PBXBuildFile; fileRef = C69443991EBF124700878B99 /* LaunchScreen.storyboard */; };
/* End PBXBuildFile section */

/* Begin PBXFileReference section */
		C694438D1EBF124600878B99 /* AMChoice.app */ = {isa = PBXFileReference; explicitFileType = wrapper.application; includeInIndex = 0; path = AMChoice.app; sourceTree = BUILT_PRODUCTS_DIR; };
		C69443901EBF124700878B99 /* AppDelegate.swift */ = {isa = PBXFileReference; lastKnownFileType = sourcecode.swift; path = AppDelegate.swift; sourceTree = "<group>"; };
		C69443921EBF124700878B99 /* ViewController.swift */ = {isa = PBXFileReference; lastKnownFileType = sourcecode.swift; path = ViewController.swift; sourceTree = "<group>"; };
		C69443951EBF124700878B99 /* Base */ = {isa = PBXFileReference; lastKnownFileType = file.storyboard; name = Base; path = Base.lproj/Main.storyboard; sourceTree = "<group>"; };
		C69443971EBF124700878B99 /* Assets.xcassets */ = {isa = PBXFileReference; lastKnownFileType = folder.assetcatalog; path = Assets.xcassets; sourceTree = "<group>"; };
		C694439A1EBF124700878B99 /* Base */ = {isa = PBXFileReference; lastKnownFileType = file.storyboard; name = Base; path = Base.lproj/LaunchScreen.storyboard; sourceTree = "<group>"; };
		C694439C1EBF124700878B99 /* Info.plist */ = {isa = PBXFileReference; lastKnownFileType = text.plist.xml; path = Info.plist; sourceTree = "<group>"; };
/* End PBXFileReference section */

/* Begin PBXFrameworksBuildPhase section */
		C694438A1EBF124600878B99 /* Frameworks */ = {
			isa = PBXFrameworksBuildPhase;
			buildActionMask = 2147483647;
			files = (
			);
			runOnlyForDeploymentPostprocessing = 0;
		};
/* End PBXFrameworksBuildPhase section */

/* Begin PBXGroup section */
		C69443841EBF124600878B99 = {
			isa = PBXGroup;
			children = (
				C694438F1EBF124600878B99 /* AMChoice */,
				C694438E1EBF124600878B99 /* Products */,
			);
			sourceTree = "<group>";
		};
		C694438E1EBF124600878B99 /* Products */ = {
			isa = PBXGroup;
			children = (
				C694438D1EBF124600878B99 /* AMChoice.app */,
			);
			name = Products;
			sourceTree = "<group>";
		};
		C694438F1EBF124600878B99 /* AMChoice */ = {
			isa = PBXGroup;
			children = (
				C69443901EBF124700878B99 /* AppDelegate.swift */,
				C69443921EBF124700878B99 /* ViewController.swift */,
				C69443941EBF124700878B99 /* Main.storyboard */,
				C69443971EBF124700878B99 /* Assets.xcassets */,
				C69443991EBF124700878B99 /* LaunchScreen.storyboard */,
				C694439C1EBF124700878B99 /* Info.plist */,
			);
			path = AMChoice;
			sourceTree = "<group>";
		};
/* End PBXGroup section */

/* Begin PBXNativeTarget section */
		C694438C1EBF124600878B99 /* AMChoice */ = {
			isa = PBXNativeTarget;
			buildConfigurationList = C694439F1EBF124700878B99 /* Build configuration list for PBXNativeTarget "AMChoice" */;
			buildPhases = (
				C69443891EBF124600878B99 /* Sources */,
				C694438A1EBF124600878B99 /* Frameworks */,
				C694438B1EBF124600878B99 /* Resources */,
			);
			buildRules = (
			);
			dependencies = (
			);
			name = AMChoice;
			productName = AMChoice;
			productReference = C694438D1EBF124600878B99 /* AMChoice.app */;
			productType = "com.apple.product-type.application";
		};
/* End PBXNativeTarget section */

/* Begin PBXProject section */
		C69443851EBF124600878B99 /* Project object */ = {
			isa = PBXProject;
			attributes = {
				LastSwiftUpdateCheck = 0830;
				LastUpgradeCheck = 0830;
				ORGANIZATIONNAME = abedalkareem;
				TargetAttributes = {
					C694438C1EBF124600878B99 = {
						CreatedOnToolsVersion = 8.3.2;
						DevelopmentTeam = H3MRF55H66;
						ProvisioningStyle = Automatic;
					};
				};
			};
			buildConfigurationList = C69443881EBF124600878B99 /* Build configuration list for PBXProject "AMChoice" */;
			compatibilityVersion = "Xcode 3.2";
			developmentRegion = English;
			hasScannedForEncodings = 0;
			knownRegions = (
				en,
				Base,
			);
			mainGroup = C69443841EBF124600878B99;
			productRefGroup = C694438E1EBF124600878B99 /* Products */;
			projectDirPath = "";
			projectRoot = "";
			targets = (
				C694438C1EBF124600878B99 /* AMChoice */,
			);
		};
/* End PBXProject section */

/* Begin PBXResourcesBuildPhase section */
		C694438B1EBF124600878B99 /* Resources */ = {
			isa = PBXResourcesBuildPhase;
			buildActionMask = 2147483647;
			files = (
				C694439B1EBF124700878B99 /* LaunchScreen.storyboard in Resources */,
				C69443981EBF124700878B99 /* Assets.xcassets in Resources */,
				C69443961EBF124700878B99 /* Main.storyboard in Resources */,
			);
			runOnlyForDeploymentPostprocessing = 0;
		};
/* End PBXResourcesBuildPhase section */

/* Begin PBXSourcesBuildPhase section */
		C69443891EBF124600878B99 /* Sources */ = {
			isa = PBXSourcesBuildPhase;
			buildActionMask = 2147483647;
			files = (
				C69443931EBF124700878B99 /* ViewController.swift in Sources */,
				C69443911EBF124700878B99 /* AppDelegate.swift in Sources */,
			);
			runOnlyForDeploymentPostprocessing = 0;
		};
/* End PBXSourcesBuildPhase section */

/* Begin PBXVariantGroup section */
		C69443941EBF124700878B99 /* Main.storyboard */ = {
			isa = PBXVariantGroup;
			children = (
				C69443951EBF124700878B99 /* Base */,
			);
			name = Main.storyboard;
			sourceTree = "<group>";
		};
		C69443991EBF124700878B99 /* LaunchScreen.storyboard */ = {
			isa = PBXVariantGroup;
			children = (
				C694439A1EBF124700878B99 /* Base */,
			);
			name = LaunchScreen.storyboard;
			sourceTree = "<group>";
		};
/* End PBXVariantGroup section */

/* Begin XCBuildConfiguration section */
		C694439D1EBF124700878B99 /* Debug */ = {
			isa = XCBuildConfiguration;
			buildSettings = {
				ALWAYS_SEARCH_USER_PATHS = NO;
				CLANG_ANALYZER_NONNULL = YES;
				CLANG_ANALYZER_NUMBER_OBJECT_CONVERSION = YES_AGGRESSIVE;
				CLANG_CXX_LANGUAGE_STANDARD = "gnu++0x";
				CLANG_CXX_LIBRARY = "libc++";
				CLANG_ENABLE_MODULES = YES;
				CLANG_ENABLE_OBJC_ARC = YES;
				CLANG_WARN_BOOL_CONVERSION = YES;
				CLANG_WARN_CONSTANT_CONVERSION = YES;
				CLANG_WARN_DIRECT_OBJC_ISA_USAGE = YES_ERROR;
				CLANG_WARN_DOCUMENTATION_COMMENTS = YES;
				CLANG_WARN_EMPTY_BODY = YES;
				CLANG_WARN_ENUM_CONVERSION = YES;
				CLANG_WARN_INFINITE_RECURSION = YES;
				CLANG_WARN_INT_CONVERSION = YES;
				CLANG_WARN_OBJC_ROOT_CLASS = YES_ERROR;
				CLANG_WARN_SUSPICIOUS_MOVE = YES;
				CLANG_WARN_UNREACHABLE_CODE = YES;
				CLANG_WARN__DUPLICATE_METHOD_MATCH = YES;
				"CODE_SIGN_IDENTITY[sdk=iphoneos*]" = "iPhone Developer";
				COPY_PHASE_STRIP = NO;
				DEBUG_INFORMATION_FORMAT = dwarf;
				ENABLE_STRICT_OBJC_MSGSEND = YES;
				ENABLE_TESTABILITY = YES;
				GCC_C_LANGUAGE_STANDARD = gnu99;
				GCC_DYNAMIC_NO_PIC = NO;
				GCC_NO_COMMON_BLOCKS = YES;
				GCC_OPTIMIZATION_LEVEL = 0;
				GCC_PREPROCESSOR_DEFINITIONS = (
					"DEBUG=1",
					"$(inherited)",
				);
				GCC_WARN_64_TO_32_BIT_CONVERSION = YES;
				GCC_WARN_ABOUT_RETURN_TYPE = YES_ERROR;
				GCC_WARN_UNDECLARED_SELECTOR = YES;
				GCC_WARN_UNINITIALIZED_AUTOS = YES_AGGRESSIVE;
				GCC_WARN_UNUSED_FUNCTION = YES;
				GCC_WARN_UNUSED_VARIABLE = YES;
				IPHONEOS_DEPLOYMENT_TARGET = 10.3;
				MTL_ENABLE_DEBUG_INFO = YES;
				ONLY_ACTIVE_ARCH = YES;
				SDKROOT = iphoneos;
				SWIFT_ACTIVE_COMPILATION_CONDITIONS = DEBUG;
				SWIFT_OPTIMIZATION_LEVEL = "-Onone";
			};
			name = Debug;
		};
		C694439E1EBF124700878B99 /* Release */ = {
			isa = XCBuildConfiguration;
			buildSettings = {
				ALWAYS_SEARCH_USER_PATHS = NO;
				CLANG_ANALYZER_NONNULL = YES;
				CLANG_ANALYZER_NUMBER_OBJECT_CONVERSION = YES_AGGRESSIVE;
				CLANG_CXX_LANGUAGE_STANDARD = "gnu++0x";
				CLANG_CXX_LIBRARY = "libc++";
				CLANG_ENABLE_MODULES = YES;
				CLANG_ENABLE_OBJC_ARC = YES;
				CLANG_WARN_BOOL_CONVERSION = YES;
				CLANG_WARN_CONSTANT_CONVERSION = YES;
				CLANG_WARN_DIRECT_OBJC_ISA_USAGE = YES_ERROR;
				CLANG_WARN_DOCUMENTATION_COMMENTS = YES;
				CLANG_WARN_EMPTY_BODY = YES;
				CLANG_WARN_ENUM_CONVERSION = YES;
				CLANG_WARN_INFINITE_RECURSION = YES;
				CLANG_WARN_INT_CONVERSION = YES;
				CLANG_WARN_OBJC_ROOT_CLASS = YES_ERROR;
				CLANG_WARN_SUSPICIOUS_MOVE = YES;
				CLANG_WARN_UNREACHABLE_CODE = YES;
				CLANG_WARN__DUPLICATE_METHOD_MATCH = YES;
				"CODE_SIGN_IDENTITY[sdk=iphoneos*]" = "iPhone Developer";
				COPY_PHASE_STRIP = NO;
				DEBUG_INFORMATION_FORMAT = "dwarf-with-dsym";
				ENABLE_NS_ASSERTIONS = NO;
				ENABLE_STRICT_OBJC_MSGSEND = YES;
				GCC_C_LANGUAGE_STANDARD = gnu99;
				GCC_NO_COMMON_BLOCKS = YES;
				GCC_WARN_64_TO_32_BIT_CONVERSION = YES;
				GCC_WARN_ABOUT_RETURN_TYPE = YES_ERROR;
				GCC_WARN_UNDECLARED_SELECTOR = YES;
				GCC_WARN_UNINITIALIZED_AUTOS = YES_AGGRESSIVE;
				GCC_WARN_UNUSED_FUNCTION = YES;
				GCC_WARN_UNUSED_VARIABLE = YES;
				IPHONEOS_DEPLOYMENT_TARGET = 10.3;
				MTL_ENABLE_DEBUG_INFO = NO;
				SDKROOT = iphoneos;
				SWIFT_OPTIMIZATION_LEVEL = "-Owholemodule";
				VALIDATE_PRODUCT = YES;
			};
			name = Release;
		};
		C69443A01EBF124700878B99 /* Debug */ = {
			isa = XCBuildConfiguration;
			buildSettings = {
				ASSETCATALOG_COMPILER_APPICON_NAME = AppIcon;
				DEVELOPMENT_TEAM = H3MRF55H66;
				INFOPLIST_FILE = AMChoice/Info.plist;
				LD_RUNPATH_SEARCH_PATHS = "$(inherited) @executable_path/Frameworks";
				PRODUCT_BUNDLE_IDENTIFIER = com.abedalkareem.AMChoice;
				PRODUCT_NAME = "$(TARGET_NAME)";
				SWIFT_VERSION = 3.0;
			};
			name = Debug;
		};
		C69443A11EBF124700878B99 /* Release */ = {
			isa = XCBuildConfiguration;
			buildSettings = {
				ASSETCATALOG_COMPILER_APPICON_NAME = AppIcon;
				DEVELOPMENT_TEAM = H3MRF55H66;
				INFOPLIST_FILE = AMChoice/Info.plist;
				LD_RUNPATH_SEARCH_PATHS = "$(inherited) @executable_path/Frameworks";
				PRODUCT_BUNDLE_IDENTIFIER = com.abedalkareem.AMChoice;
				PRODUCT_NAME = "$(TARGET_NAME)";
				SWIFT_VERSION = 3.0;
			};
			name = Release;
		};
/* End XCBuildConfiguration section */

/* Begin XCConfigurationList section */
		C69443881EBF124600878B99 /* Build configuration list for PBXProject "AMChoice" */ = {
			isa = XCConfigurationList;
			buildConfigurations = (
				C694439D1EBF124700878B99 /* Debug */,
				C694439E1EBF124700878B99 /* Release */,
			);
			defaultConfigurationIsVisible = 0;
			defaultConfigurationName = Release;
		};
		C694439F1EBF124700878B99 /* Build configuration list for PBXNativeTarget "AMChoice" */ = {
			isa = XCConfigurationList;
			buildConfigurations = (
				C69443A01EBF124700878B99 /* Debug */,
				C69443A11EBF124700878B99 /* Release */,
			);
			defaultConfigurationIsVisible = 0;
		};
/* End XCConfigurationList section */
	};
	rootObject = C69443851EBF124600878B99 /* Project object */;
}
